
Microsoft Visual Studio Solution File, Format Version 12.00
# Visual Studio Version 17
VisualStudioVersion = 17.14.36301.6
MinimumVisualStudioVersion = 10.0.40219.1
Project("{FAE04EC0-301F-11D3-BF4B-00C04F79EFBC}") = "Lifty_WebApp", "Lifty_WebApp\Lifty_WebApp.csproj", "{0ECB6929-C25D-4F67-8257-4A66C8D15C70}"
EndProject
Global
	GlobalSection(SolutionConfigurationPlatforms) = preSolution
		Debug|Any CPU = Debug|Any CPU
		Release|Any CPU = Release|Any CPU
	EndGlobalSection
	GlobalSection(ProjectConfigurationPlatforms) = postSolution
		{0ECB6929-C25D-4F67-8257-4A66C8D15C70}.Debug|Any CPU.ActiveCfg = Debug|Any CPU
		{0ECB6929-C25D-4F67-8257-4A66C8D15C70}.Debug|Any CPU.Build.0 = Debug|Any CPU
		{0ECB6929-C25D-4F67-8257-4A66C8D15C70}.Release|Any CPU.ActiveCfg = Release|Any CPU
		{0ECB6929-C25D-4F67-8257-4A66C8D15C70}.Release|Any CPU.Build.0 = Release|Any CPU
	EndGlobalSection
	GlobalSection(SolutionProperties) = preSolution
		HideSolutionNode = FALSE
	EndGlobalSection
	GlobalSection(ExtensibilityGlobals) = postSolution
		SolutionGuid = {253156DE-54BE-4B6E-90AE-E9910F309C44}
	EndGlobalSection
EndGlobal
